
Microsoft Visual Studio Solution File, Format Version 12.00
Project("{FAE04EC0-301F-11D3-BF4B-00C04F79EFBC}") = "BullsAndCowsConsoleApp", "BullsAndCowsConsoleApp\BullsAndCowsConsoleApp.csproj", "{3B0BA6AB-D51A-4CB9-9A1C-6A05BD99AFAC}"
EndProject
Global
	GlobalSection(SolutionConfigurationPlatforms) = preSolution
		Debug|Any CPU = Debug|Any CPU
		Release|Any CPU = Release|Any CPU
	EndGlobalSection
	GlobalSection(ProjectConfigurationPlatforms) = postSolution
		{3B0BA6AB-D51A-4CB9-9A1C-6A05BD99AFAC}.Debug|Any CPU.ActiveCfg = Debug|Any CPU
		{3B0BA6AB-D51A-4CB9-9A1C-6A05BD99AFAC}.Debug|Any CPU.Build.0 = Debug|Any CPU
		{3B0BA6AB-D51A-4CB9-9A1C-6A05BD99AFAC}.Release|Any CPU.ActiveCfg = Release|Any CPU
		{3B0BA6AB-D51A-4CB9-9A1C-6A05BD99AFAC}.Release|Any CPU.Build.0 = Release|Any CPU
	EndGlobalSection
EndGlobal
